<?xml version="1.0" encoding="utf-8"?>
<Project ToolsVersion="4.0" xmlns="http://schemas.microsoft.com/developer/msbuild/2003">
  <ItemGroup>
    <Filter Include="Source Files">
      <UniqueIdentifier>{4FC737F1-C7A5-4376-A066-2A32D752A2FF}</UniqueIdentifier>
      <Extensions>cpp;c;cc;cxx;c++;cppm;ixx;def;odl;idl;hpj;bat;asm;asmx</Extensions>
    </Filter>
    <Filter Include="Header Files">
      <UniqueIdentifier>{93995380-89BD-4b04-88EB-625FBE52EBFB}</UniqueIdentifier>
      <Extensions>h;hh;hpp;hxx;h++;hm;inl;inc;ipp;xsd</Extensions>
    </Filter>
    <Filter Include="Resource Files">
      <UniqueIdentifier>{67DA6AB6-F800-4c08-8B7A-83BB121AAD01}</UniqueIdentifier>
      <Extensions>rc;ico;cur;bmp;dlg;rc2;rct;bin;rgs;gif;jpg;jpeg;jpe;resx;tiff;tif;png;wav;mfcribbon-ms</Extensions>
    </Filter>
  </ItemGroup>
  <ItemGroup>
    <ClInclude Include="src\pch.h">
      <Filter>Header Files</Filter>
    </ClInclude>
    <ClInclude Include="src\util\ChakraUtil.h">
      <Filter>Header Files</Filter>
    </ClInclude>
    <ClInclude Include="src\util\Logger.h">
      <Filter>Header Files</Filter>
    </ClInclude>
    <ClInclude Include="src\util\Util.h">
      <Filter>Header Files</Filter>
    </ClInclude>
    <ClInclude Include="src\client\Latite.h">
      <Filter>Header Files</Filter>
    </ClInclude>
    <ClInclude Include="src\api\feature\Feature.h">
      <Filter>Header Files</Filter>
    </ClInclude>
    <ClInclude Include="deps\include\chakra\ChakraCommon.h">
      <Filter>Header Files</Filter>
    </ClInclude>
    <ClInclude Include="deps\include\chakra\ChakraCommonWindows.h">
      <Filter>Header Files</Filter>
    </ClInclude>
    <ClInclude Include="deps\include\chakra\ChakraCore.h">
      <Filter>Header Files</Filter>
    </ClInclude>
    <ClInclude Include="deps\include\chakra\ChakraCoreWindows.h">
      <Filter>Header Files</Filter>
    </ClInclude>
    <ClInclude Include="deps\include\chakra\ChakraDebug.h">
      <Filter>Header Files</Filter>
    </ClInclude>
    <ClInclude Include="deps\include\MinHook.h">
      <Filter>Header Files</Filter>
    </ClInclude>
    <ClInclude Include="src\api\manager\FeatureManager.h">
      <Filter>Header Files</Filter>
    </ClInclude>
    <ClInclude Include="src\api\manager\Manager.h">
      <Filter>Header Files</Filter>
    </ClInclude>
    <ClInclude Include="src\api\memory\memory.h">
      <Filter>Header Files</Filter>
    </ClInclude>
    <ClInclude Include="src\api\scanner\scanner.h">
      <Filter>Header Files</Filter>
    </ClInclude>
    <ClInclude Include="src\client\feature\command\Command.h">
      <Filter>Header Files</Filter>
    </ClInclude>
    <ClInclude Include="src\client\feature\command\CommandManager.h">
      <Filter>Header Files</Filter>
    </ClInclude>
    <ClInclude Include="src\client\hook\impl\GeneralHooks.h">
      <Filter>Header Files</Filter>
    </ClInclude>
    <ClInclude Include="src\client\hook\Hook.h">
      <Filter>Header Files</Filter>
    </ClInclude>
    <ClInclude Include="src\client\misc\ClientMessageSink.h">
      <Filter>Header Files</Filter>
    </ClInclude>
    <ClInclude Include="src\api\feature\module\Module.h">
      <Filter>Header Files</Filter>
    </ClInclude>
    <ClInclude Include="src\api\feature\module\ModuleManager.h">
      <Filter>Header Files</Filter>
    </ClInclude>
    <ClInclude Include="src\client\script\JsScript.h">
      <Filter>Header Files</Filter>
    </ClInclude>
    <ClInclude Include="src\client\script\ScriptManager.h">
      <Filter>Header Files</Filter>
    </ClInclude>
    <ClInclude Include="src\sdk\common\world\Minecraft.h">
      <Filter>Header Files</Filter>
    </ClInclude>
    <ClInclude Include="src\sdk\common\world\level\Level.h">
      <Filter>Header Files</Filter>
    </ClInclude>
    <ClInclude Include="src\sdk\common\world\actor\Actor.h">
      <Filter>Header Files</Filter>
    </ClInclude>
    <ClInclude Include="src\sdk\common\world\actor\Mob.h">
      <Filter>Header Files</Filter>
    </ClInclude>
    <ClInclude Include="src\sdk\common\world\actor\player\Player.h">
      <Filter>Header Files</Filter>
    </ClInclude>
    <ClInclude Include="src\sdk\common\server\ServerInstance.h">
      <Filter>Header Files</Filter>
    </ClInclude>
    <ClInclude Include="src\sdk\common\client\game\ClientInstance.h">
      <Filter>Header Files</Filter>
    </ClInclude>
    <ClInclude Include="src\sdk\common\client\game\MinecraftGame.h">
      <Filter>Header Files</Filter>
    </ClInclude>
    <ClInclude Include="src\sdk\common\client\player\LocalPlayer.h">
      <Filter>Header Files</Filter>
    </ClInclude>
    <ClInclude Include="src\sdk\common\client\win\winrt\HidControllerWinRT.h">
      <Filter>Header Files</Filter>
    </ClInclude>
    <ClInclude Include="src\util\LMath.h">
      <Filter>Header Files</Filter>
    </ClInclude>
    <ClInclude Include="src\sdk\common\world\level\Dimension.h">
      <Filter>Header Files</Filter>
    </ClInclude>
    <ClInclude Include="src\sdk\Util.h">
      <Filter>Header Files</Filter>
    </ClInclude>
    <ClInclude Include="src\sdk\common\network\RakNetConnector.h">
      <Filter>Header Files</Filter>
    </ClInclude>
    <ClInclude Include="src\api\memory\signature\signature.h">
      <Filter>Header Files</Filter>
    </ClInclude>
    <ClInclude Include="src\api\feature\setting\Setting.h">
      <Filter>Header Files</Filter>
    </ClInclude>
    <ClInclude Include="src\api\feature\setting\SettingGroup.h">
      <Filter>Header Files</Filter>
    </ClInclude>
    <ClInclude Include="src\client\feature\module\ModuleManager.h">
      <Filter>Header Files</Filter>
    </ClInclude>
    <ClInclude Include="src\sdk\common\world\Timer.h">
      <Filter>Header Files</Filter>
    </ClInclude>
    <ClInclude Include="src\api\config\ConfigManager.h">
      <Filter>Header Files</Filter>
    </ClInclude>
    <ClInclude Include="src\api\config\Config.h">
      <Filter>Header Files</Filter>
    </ClInclude>
    <ClInclude Include="deps\include\json\json.hpp">
      <Filter>Header Files</Filter>
    </ClInclude>
    <ClInclude Include="src\util\Json.h">
      <Filter>Header Files</Filter>
    </ClInclude>
    <ClInclude Include="src\client\feature\command\impl\TestCommand.h">
      <Filter>Header Files</Filter>
    </ClInclude>
    <ClInclude Include="src\api\feature\command\Command.h">
      <Filter>Header Files</Filter>
    </ClInclude>
    <ClInclude Include="src\api\feature\command\CommandManager.h">
      <Filter>Header Files</Filter>
    </ClInclude>
    <ClInclude Include="src\client\hook\Hooks.h">
      <Filter>Header Files</Filter>
    </ClInclude>
    <ClInclude Include="src\client\feature\command\impl\HelpCommand.h">
      <Filter>Header Files</Filter>
    </ClInclude>
    <ClInclude Include="src\client\feature\command\impl\EjectCommand.h">
      <Filter>Header Files</Filter>
    </ClInclude>
    <ClInclude Include="src\client\feature\module\impl\misc\TestModule.h">
      <Filter>Header Files</Filter>
    </ClInclude>
    <ClInclude Include="src\api\eventing\EventManager.h">
      <Filter>Header Files</Filter>
    </ClInclude>
    <ClInclude Include="src\api\eventing\Event.h">
      <Filter>Header Files</Filter>
    </ClInclude>
    <ClInclude Include="src\util\chash.h">
      <Filter>Header Files</Filter>
    </ClInclude>
    <ClInclude Include="src\client\event\Eventing.h">
      <Filter>Header Files</Filter>
    </ClInclude>
    <ClInclude Include="src\client\event\impl\TickEvent.h">
      <Filter>Header Files</Filter>
    </ClInclude>
    <ClInclude Include="src\client\feature\module\Module.h">
      <Filter>Header Files</Filter>
    </ClInclude>
    <ClInclude Include="src\client\feature\command\impl\ToggleCommand.h">
      <Filter>Header Files</Filter>
    </ClInclude>
    <ClInclude Include="src\client\config\ConfigManager.h">
      <Filter>Header Files</Filter>
    </ClInclude>
    <ClInclude Include="src\api\eventing\Listenable.h">
      <Filter>Header Files</Filter>
    </ClInclude>
    <ClInclude Include="src\client\event\impl\RenderGameEvent.h">
      <Filter>Header Files</Filter>
    </ClInclude>
    <ClInclude Include="src\sdk\signature\storage.h">
      <Filter>Header Files</Filter>
    </ClInclude>
    <ClInclude Include="src\sdk\common\client\renderer\LevelRendererPlayer.h">
      <Filter>Header Files</Filter>
    </ClInclude>
    <ClInclude Include="src\sdk\common\client\renderer\LevelRenderer.h">
      <Filter>Header Files</Filter>
    </ClInclude>
    <ClInclude Include="src\client\hook\impl\LevelRendererHooks.h">
      <Filter>Header Files</Filter>
    </ClInclude>
    <ClInclude Include="src\client\event\impl\RenderLevelEvent.h">
      <Filter>Header Files</Filter>
    </ClInclude>
    <ClInclude Include="src\client\feature\module\impl\game\Zoom.h">
      <Filter>Header Files</Filter>
    </ClInclude>
    <ClInclude Include="src\client\event\impl\KeyUpdateEvent.h">
      <Filter>Header Files</Filter>
    </ClInclude>
    <ClInclude Include="src\client\event\impl\ChatEvent.h">
      <Filter>Header Files</Filter>
    </ClInclude>
    <ClInclude Include="src\client\event\impl\GammaEvent.h">
      <Filter>Header Files</Filter>
    </ClInclude>
    <ClInclude Include="src\client\hook\impl\OptionHooks.h">
      <Filter>Header Files</Filter>
    </ClInclude>
    <ClInclude Include="src\client\feature\module\impl\visual\Fullbright.h">
      <Filter>Header Files</Filter>
    </ClInclude>
    <ClInclude Include="src\client\hook\impl\DXHooks.h">
      <Filter>Header Files</Filter>
    </ClInclude>
    <ClInclude Include="src\util\DxUtil.h">
      <Filter>Header Files</Filter>
    </ClInclude>
    <ClInclude Include="src\sdk\signature\storage_1_18_12.h">
      <Filter>Header Files</Filter>
    </ClInclude>
    <ClInclude Include="src\sdk\signature\storage_latest.h">
      <Filter>Header Files</Filter>
    </ClInclude>
    <ClInclude Include="src\client\misc\AuthWindow.h">
      <Filter>Header Files</Filter>
    </ClInclude>
    <ClInclude Include="src\client\render\Renderer.h">
      <Filter>Header Files</Filter>
    </ClInclude>
    <ClInclude Include="src\client\event\impl\RenderOverlayEvent.h">
      <Filter>Header Files</Filter>
    </ClInclude>
    <ClInclude Include="src\client\event\impl\RendererCleanupEvent.h">
      <Filter>Header Files</Filter>
    </ClInclude>
    <ClInclude Include="src\client\feature\module\impl\visual\MotionBlur.h">
      <Filter>Header Files</Filter>
    </ClInclude>
    <ClInclude Include="src\client\screen\Screen.h">
      <Filter>Header Files</Filter>
    </ClInclude>
    <ClInclude Include="src\client\screen\impl\ClickGUI.h">
      <Filter>Header Files</Filter>
    </ClInclude>
    <ClInclude Include="src\client\screen\ScreenManager.h">
      <Filter>Header Files</Filter>
    </ClInclude>
    <ClInclude Include="src\util\DxContext.h">
      <Filter>Header Files</Filter>
    </ClInclude>
    <ClInclude Include="src\sdk\Version.h">
      <Filter>Header Files</Filter>
    </ClInclude>
    <ClInclude Include="src\client\render\asset\Asset.h">
      <Filter>Header Files</Filter>
    </ClInclude>
    <ClInclude Include="src\client\render\Assets.h">
      <Filter>Header Files</Filter>
    </ClInclude>
    <ClInclude Include="src\client\event\impl\RendererInitEvent.h">
      <Filter>Header Files</Filter>
    </ClInclude>
    <ClInclude Include="src\sdk\misc\ClickMap.h">
      <Filter>Header Files</Filter>
    </ClInclude>
    <ClInclude Include="src\client\event\impl\ClickEvent.h">
      <Filter>Header Files</Filter>
    </ClInclude>
    <ClInclude Include="src\client\hook\impl\AppPlatformHooks.h">
      <Filter>Header Files</Filter>
    </ClInclude>
    <ClInclude Include="src\sdk\deps\Application\AppPlatform.h">
      <Filter>Header Files</Filter>
    </ClInclude>
    <ClInclude Include="src\client\event\impl\FocusLostEvent.h">
      <Filter>Header Files</Filter>
    </ClInclude>
    <ClInclude Include="src\sdk\common\entity\EntityContext.h">
      <Filter>Header Files</Filter>
    </ClInclude>
    <ClInclude Include="src\client\script\lib\JsLibrary.h">
      <Filter>Header Files</Filter>
    </ClInclude>
    <ClInclude Include="src\client\script\lib\libraries\Filesystem.h">
      <Filter>Header Files</Filter>
    </ClInclude>
    <ClInclude Include="src\client\script\lib\libraries\Network.h">
      <Filter>Header Files</Filter>
    </ClInclude>
    <ClInclude Include="src\client\script\ScriptingObject.h">
      <Filter>Header Files</Filter>
    </ClInclude>
    <ClInclude Include="src\client\feature\command\impl\ScriptCommand.h">
      <Filter>Header Files</Filter>
    </ClInclude>
    <ClInclude Include="src\client\script\objects\ClientScriptingObject.h">
      <Filter>Header Files</Filter>
    </ClInclude>
    <ClInclude Include="src\client\script\event\ScriptListener.h">
      <Filter>Header Files</Filter>
    </ClInclude>
    <ClInclude Include="src\client\hook\impl\MinecraftGameHooks.h">
      <Filter>Header Files</Filter>
    </ClInclude>
    <ClInclude Include="src\client\event\impl\AppSuspendedEvent.h">
      <Filter>Header Files</Filter>
    </ClInclude>
    <ClInclude Include="src\sdk\signature\storage_1_19_51.h">
      <Filter>Header Files</Filter>
    </ClInclude>
    <ClInclude Include="src\client\screen\impl\HUDEditor.h">
      <Filter>Header Files</Filter>
    </ClInclude>
    <ClInclude Include="src\client\feature\module\impl\visual\HurtColor.h">
      <Filter>Header Files</Filter>
    </ClInclude>
    <ClInclude Include="src\client\hook\impl\RenderControllerHooks.h">
      <Filter>Header Files</Filter>
    </ClInclude>
    <ClInclude Include="src\client\event\impl\OverlayColorEvent.h">
      <Filter>Header Files</Filter>
    </ClInclude>
    <ClInclude Include="src\client\script\class\JsClass.h">
      <Filter>Header Files</Filter>
    </ClInclude>
  </ItemGroup>
  <ItemGroup>
    <Text Include="src\util\CMakeLists.txt" />
    <Text Include="CMakeLists.txt" />
    <Text Include="src\client\CMakeLists.txt" />
    <Text Include="src\CMakeLists.txt" />
    <Text Include="src\api\feature\CMakeLists.txt" />
    <Text Include="src\api\manager\CMakeLists.txt" />
    <Text Include="src\api\memory\CMakeLists.txt" />
    <Text Include="src\api\scanner\CMakeLists.txt" />
    <Text Include="src\api\CMakeLists.txt" />
    <Text Include="src\client\feature\command\CMakeLists.txt" />
    <Text Include="src\client\feature\command\impl\CMakeLists.txt" />
    <Text Include="src\client\hook\CMakeLists.txt" />
    <Text Include="src\client\misc\CMakeLists.txt" />
    <Text Include="src\client\feature\module\CMakeLists.txt" />
    <Text Include="src\client\script\CMakeLists.txt" />
    <Text Include="src\client\script\objects\CMakeLists.txt" />
  </ItemGroup>
  <ItemGroup>
    <ClCompile Include="src\util\Logger.cpp">
      <Filter>Source Files</Filter>
    </ClCompile>
    <ClCompile Include="src\util\Util.cpp">
      <Filter>Source Files</Filter>
    </ClCompile>
    <ClCompile Include="src\client\Latite.cpp">
      <Filter>Source Files</Filter>
    </ClCompile>
    <ClCompile Include="src\api\memory\memory.cpp">
      <Filter>Source Files</Filter>
    </ClCompile>
    <ClCompile Include="src\api\scanner\scanner.cpp">
      <Filter>Source Files</Filter>
    </ClCompile>
    <ClCompile Include="src\client\feature\command\Command.cpp">
      <Filter>Source Files</Filter>
    </ClCompile>
    <ClCompile Include="src\client\feature\command\CommandManager.cpp">
      <Filter>Source Files</Filter>
    </ClCompile>
    <ClCompile Include="src\client\hook\Hook.cpp">
      <Filter>Source Files</Filter>
    </ClCompile>
    <ClCompile Include="src\client\misc\ClientMessageSink.cpp">
      <Filter>Source Files</Filter>
    </ClCompile>
    <ClCompile Include="src\pch.cpp">
      <Filter>Source Files</Filter>
    </ClCompile>
    <ClCompile Include="src\sdk\common\client\game\ClientInstance.cpp">
      <Filter>Source Files</Filter>
    </ClCompile>
    <ClCompile Include="src\sdk\common\world\actor\player\Player.cpp">
      <Filter>Source Files</Filter>
    </ClCompile>
    <ClCompile Include="src\api\memory\signature\signature.cpp">
      <Filter>Source Files</Filter>
    </ClCompile>
    <ClCompile Include="src\client\hook\impl\GeneralHooks.cpp">
      <Filter>Source Files</Filter>
    </ClCompile>
    <ClCompile Include="src\client\feature\module\ModuleManager.cpp">
      <Filter>Source Files</Filter>
    </ClCompile>
    <ClCompile Include="src\sdk\common\world\Minecraft.cpp">
      <Filter>Source Files</Filter>
    </ClCompile>
    <ClCompile Include="src\api\config\Config.cpp">
      <Filter>Source Files</Filter>
    </ClCompile>
    <ClCompile Include="src\client\feature\command\impl\TestCommand.cpp">
      <Filter>Source Files</Filter>
    </ClCompile>
    <ClCompile Include="src\client\hook\Hooks.cpp">
      <Filter>Source Files</Filter>
    </ClCompile>
    <ClCompile Include="src\client\feature\command\impl\HelpCommand.cpp">
      <Filter>Source Files</Filter>
    </ClCompile>
    <ClCompile Include="src\client\feature\command\impl\EjectCommand.cpp">
      <Filter>Source Files</Filter>
    </ClCompile>
    <ClCompile Include="src\api\eventing\EventManager.cpp">
      <Filter>Source Files</Filter>
    </ClCompile>
    <ClCompile Include="src\client\event\Eventing.cpp">
      <Filter>Source Files</Filter>
    </ClCompile>
    <ClCompile Include="src\client\feature\module\impl\misc\TestModule.cpp">
      <Filter>Source Files</Filter>
    </ClCompile>
    <ClCompile Include="src\client\feature\command\impl\ToggleCommand.cpp">
      <Filter>Source Files</Filter>
    </ClCompile>
    <ClCompile Include="src\client\config\ConfigManager.cpp">
      <Filter>Source Files</Filter>
    </ClCompile>
    <ClCompile Include="src\client\feature\module\Module.cpp">
      <Filter>Source Files</Filter>
    </ClCompile>
    <ClCompile Include="src\client\hook\impl\LevelRendererHooks.cpp">
      <Filter>Source Files</Filter>
    </ClCompile>
    <ClCompile Include="src\client\feature\module\impl\game\Zoom.cpp">
      <Filter>Source Files</Filter>
    </ClCompile>
    <ClCompile Include="src\sdk\common\client\game\MinecraftGame.cpp">
      <Filter>Source Files</Filter>
    </ClCompile>
    <ClCompile Include="src\sdk\common\client\renderer\LevelRendererPlayer.cpp">
      <Filter>Source Files</Filter>
    </ClCompile>
    <ClCompile Include="src\client\hook\impl\OptionHooks.cpp">
      <Filter>Source Files</Filter>
    </ClCompile>
    <ClCompile Include="src\client\feature\module\impl\visual\Fullbright.cpp">
      <Filter>Source Files</Filter>
    </ClCompile>
    <ClCompile Include="src\client\hook\impl\DXHooks.cpp">
      <Filter>Source Files</Filter>
    </ClCompile>
    <ClCompile Include="src\util\DxUtil.cpp">
      <Filter>Source Files</Filter>
    </ClCompile>
    <ClCompile Include="src\client\misc\AuthWindow.cpp">
      <Filter>Source Files</Filter>
    </ClCompile>
    <ClCompile Include="src\client\render\Renderer.cpp">
      <Filter>Source Files</Filter>
    </ClCompile>
    <ClCompile Include="src\client\feature\module\impl\visual\MotionBlur.cpp">
      <Filter>Source Files</Filter>
    </ClCompile>
    <ClCompile Include="src\client\screen\impl\ClickGUI.cpp">
      <Filter>Source Files</Filter>
    </ClCompile>
    <ClCompile Include="src\client\screen\ScreenManager.cpp">
      <Filter>Source Files</Filter>
    </ClCompile>
    <ClCompile Include="src\util\DxContext.cpp">
      <Filter>Source Files</Filter>
    </ClCompile>
    <ClCompile Include="src\client\render\asset\Asset.cpp">
      <Filter>Source Files</Filter>
    </ClCompile>
    <ClCompile Include="src\client\render\Assets.cpp">
      <Filter>Source Files</Filter>
    </ClCompile>
    <ClCompile Include="src\client\hook\impl\AppPlatformHooks.cpp">
      <Filter>Source Files</Filter>
    </ClCompile>
    <ClCompile Include="src\client\script\JsScript.cpp">
      <Filter>Source Files</Filter>
    </ClCompile>
    <ClCompile Include="src\util\ChakraUtil.cpp">
      <Filter>Source Files</Filter>
    </ClCompile>
    <ClCompile Include="src\client\script\lib\JsLibrary.cpp">
      <Filter>Source Files</Filter>
    </ClCompile>
    <ClCompile Include="src\client\script\lib\libraries\Filesystem.cpp">
      <Filter>Source Files</Filter>
    </ClCompile>
    <ClCompile Include="src\client\script\lib\libraries\Network.cpp">
      <Filter>Source Files</Filter>
    </ClCompile>
    <ClCompile Include="src\client\script\ScriptingObject.cpp">
      <Filter>Source Files</Filter>
    </ClCompile>
    <ClCompile Include="src\client\script\ScriptManager.cpp">
      <Filter>Source Files</Filter>
    </ClCompile>
    <ClCompile Include="src\client\feature\command\impl\ScriptCommand.cpp">
      <Filter>Source Files</Filter>
    </ClCompile>
    <ClCompile Include="src\client\script\objects\ClientScriptingObject.cpp">
      <Filter>Source Files</Filter>
    </ClCompile>
    <ClCompile Include="src\client\script\event\ScriptListener.cpp">
      <Filter>Source Files</Filter>
    </ClCompile>
    <ClCompile Include="src\client\hook\impl\MinecraftGameHooks.cpp">
      <Filter>Source Files</Filter>
    </ClCompile>
    <ClCompile Include="src\sdk\common\world\level\Level.cpp">
      <Filter>Source Files</Filter>
    </ClCompile>
    <ClCompile Include="src\client\screen\Screen.cpp">
      <Filter>Source Files</Filter>
    </ClCompile>
    <ClCompile Include="src\client\screen\impl\HUDEditor.cpp">
      <Filter>Source Files</Filter>
    </ClCompile>
    <ClCompile Include="src\client\feature\module\impl\visual\HurtColor.cpp">
      <Filter>Source Files</Filter>
    </ClCompile>
    <ClCompile Include="src\client\hook\impl\RenderControllerHooks.cpp">
      <Filter>Source Files</Filter>
    </ClCompile>
  </ItemGroup>
  <ItemGroup>
    <None Include="CMakePresets.json" />
    <None Include="CppProperties.json" />
  </ItemGroup>
</Project>