<?xml version="1.0" encoding="utf-8"?>
<Project ToolsVersion="4.0" xmlns="http://schemas.microsoft.com/developer/msbuild/2003">
  <ItemGroup>
    <Filter Include="Source Files">
      <UniqueIdentifier>{4FC737F1-C7A5-4376-A066-2A32D752A2FF}</UniqueIdentifier>
      <Extensions>cpp;c;cc;cxx;c++;cppm;ixx;def;odl;idl;hpj;bat;asm;asmx</Extensions>
    </Filter>
    <Filter Include="Header Files">
      <UniqueIdentifier>{93995380-89BD-4b04-88EB-625FBE52EBFB}</UniqueIdentifier>
      <Extensions>h;hh;hpp;hxx;h++;hm;inl;inc;ipp;xsd</Extensions>
    </Filter>
    <Filter Include="Resource Files">
      <UniqueIdentifier>{67DA6AB6-F800-4c08-8B7A-83BB121AAD01}</UniqueIdentifier>
      <Extensions>rc;ico;cur;bmp;dlg;rc2;rct;bin;rgs;gif;jpg;jpeg;jpe;resx;tiff;tif;png;wav;mfcribbon-ms</Extensions>
    </Filter>
  </ItemGroup>
  <ItemGroup>
    <ClInclude Include="src\pch.h">
      <Filter>Header Files</Filter>
    </ClInclude>
    <ClInclude Include="src\util\ChakraUtil.h">
      <Filter>Header Files</Filter>
    </ClInclude>
    <ClInclude Include="src\util\Logger.h">
      <Filter>Header Files</Filter>
    </ClInclude>
    <ClInclude Include="src\util\Util.h">
      <Filter>Header Files</Filter>
    </ClInclude>
    <ClInclude Include="src\client\Latite.h">
      <Filter>Header Files</Filter>
    </ClInclude>
    <ClInclude Include="src\api\feature\Feature.h">
      <Filter>Header Files</Filter>
    </ClInclude>
    <ClInclude Include="deps\include\chakra\ChakraCommon.h">
      <Filter>Header Files</Filter>
    </ClInclude>
    <ClInclude Include="deps\include\chakra\ChakraCommonWindows.h">
      <Filter>Header Files</Filter>
    </ClInclude>
    <ClInclude Include="deps\include\chakra\ChakraCore.h">
      <Filter>Header Files</Filter>
    </ClInclude>
    <ClInclude Include="deps\include\chakra\ChakraCoreWindows.h">
      <Filter>Header Files</Filter>
    </ClInclude>
    <ClInclude Include="deps\include\chakra\ChakraDebug.h">
      <Filter>Header Files</Filter>
    </ClInclude>
    <ClInclude Include="deps\include\MinHook.h">
      <Filter>Header Files</Filter>
    </ClInclude>
    <ClInclude Include="src\api\manager\FeatureManager.h">
      <Filter>Header Files</Filter>
    </ClInclude>
    <ClInclude Include="src\api\manager\Manager.h">
      <Filter>Header Files</Filter>
    </ClInclude>
    <ClInclude Include="src\api\memory\memory.h">
      <Filter>Header Files</Filter>
    </ClInclude>
    <ClInclude Include="src\api\scanner\scanner.h">
      <Filter>Header Files</Filter>
    </ClInclude>
    <ClInclude Include="src\client\feature\command\Command.h">
      <Filter>Header Files</Filter>
    </ClInclude>
    <ClInclude Include="src\client\feature\command\CommandManager.h">
      <Filter>Header Files</Filter>
    </ClInclude>
    <ClInclude Include="src\client\hook\impl\GeneralHooks.h">
      <Filter>Header Files</Filter>
    </ClInclude>
    <ClInclude Include="src\client\hook\Hook.h">
      <Filter>Header Files</Filter>
    </ClInclude>
    <ClInclude Include="src\client\misc\ClientMessageSink.h">
      <Filter>Header Files</Filter>
    </ClInclude>
    <ClInclude Include="src\api\feature\module\Module.h">
      <Filter>Header Files</Filter>
    </ClInclude>
    <ClInclude Include="src\api\feature\module\ModuleManager.h">
      <Filter>Header Files</Filter>
    </ClInclude>
    <ClInclude Include="src\client\script\JsPlugin.h">
      <Filter>Header Files</Filter>
    </ClInclude>
    <ClInclude Include="src\client\script\PluginManager.h">
      <Filter>Header Files</Filter>
    </ClInclude>
    <ClInclude Include="src\sdk\common\world\Minecraft.h">
      <Filter>Header Files</Filter>
    </ClInclude>
    <ClInclude Include="src\sdk\common\world\level\Level.h">
      <Filter>Header Files</Filter>
    </ClInclude>
    <ClInclude Include="src\sdk\common\world\actor\Actor.h">
      <Filter>Header Files</Filter>
    </ClInclude>
    <ClInclude Include="src\sdk\common\world\actor\Mob.h">
      <Filter>Header Files</Filter>
    </ClInclude>
    <ClInclude Include="src\sdk\common\world\actor\player\Player.h">
      <Filter>Header Files</Filter>
    </ClInclude>
    <ClInclude Include="src\sdk\common\server\ServerInstance.h">
      <Filter>Header Files</Filter>
    </ClInclude>
    <ClInclude Include="src\sdk\common\client\game\ClientInstance.h">
      <Filter>Header Files</Filter>
    </ClInclude>
    <ClInclude Include="src\sdk\common\client\game\MinecraftGame.h">
      <Filter>Header Files</Filter>
    </ClInclude>
    <ClInclude Include="src\sdk\common\client\player\LocalPlayer.h">
      <Filter>Header Files</Filter>
    </ClInclude>
    <ClInclude Include="src\sdk\common\client\win\winrt\HidControllerWinRT.h">
      <Filter>Header Files</Filter>
    </ClInclude>
    <ClInclude Include="src\util\LMath.h">
      <Filter>Header Files</Filter>
    </ClInclude>
    <ClInclude Include="src\sdk\common\world\level\Dimension.h">
      <Filter>Header Files</Filter>
    </ClInclude>
    <ClInclude Include="src\sdk\Util.h">
      <Filter>Header Files</Filter>
    </ClInclude>
    <ClInclude Include="src\sdk\common\network\RakNetConnector.h">
      <Filter>Header Files</Filter>
    </ClInclude>
    <ClInclude Include="src\api\memory\signature\signature.h">
      <Filter>Header Files</Filter>
    </ClInclude>
    <ClInclude Include="src\api\feature\setting\Setting.h">
      <Filter>Header Files</Filter>
    </ClInclude>
    <ClInclude Include="src\api\feature\setting\SettingGroup.h">
      <Filter>Header Files</Filter>
    </ClInclude>
    <ClInclude Include="src\client\feature\module\ModuleManager.h">
      <Filter>Header Files</Filter>
    </ClInclude>
    <ClInclude Include="src\sdk\common\world\Timer.h">
      <Filter>Header Files</Filter>
    </ClInclude>
    <ClInclude Include="src\api\config\ConfigManager.h">
      <Filter>Header Files</Filter>
    </ClInclude>
    <ClInclude Include="src\api\config\Config.h">
      <Filter>Header Files</Filter>
    </ClInclude>
    <ClInclude Include="deps\include\json\json.hpp">
      <Filter>Header Files</Filter>
    </ClInclude>
    <ClInclude Include="src\util\Json.h">
      <Filter>Header Files</Filter>
    </ClInclude>
    <ClInclude Include="src\client\feature\command\impl\TestCommand.h">
      <Filter>Header Files</Filter>
    </ClInclude>
    <ClInclude Include="src\api\feature\command\Command.h">
      <Filter>Header Files</Filter>
    </ClInclude>
    <ClInclude Include="src\api\feature\command\CommandManager.h">
      <Filter>Header Files</Filter>
    </ClInclude>
    <ClInclude Include="src\client\hook\Hooks.h">
      <Filter>Header Files</Filter>
    </ClInclude>
    <ClInclude Include="src\client\feature\command\impl\HelpCommand.h">
      <Filter>Header Files</Filter>
    </ClInclude>
    <ClInclude Include="src\client\feature\command\impl\EjectCommand.h">
      <Filter>Header Files</Filter>
    </ClInclude>
    <ClInclude Include="src\client\feature\module\impl\misc\TestModule.h">
      <Filter>Header Files</Filter>
    </ClInclude>
    <ClInclude Include="src\api\eventing\EventManager.h">
      <Filter>Header Files</Filter>
    </ClInclude>
    <ClInclude Include="src\api\eventing\Event.h">
      <Filter>Header Files</Filter>
    </ClInclude>
    <ClInclude Include="src\util\FNV32.h">
      <Filter>Header Files</Filter>
    </ClInclude>
    <ClInclude Include="src\client\event\Eventing.h">
      <Filter>Header Files</Filter>
    </ClInclude>
    <ClInclude Include="src\client\event\impl\TickEvent.h">
      <Filter>Header Files</Filter>
    </ClInclude>
    <ClInclude Include="src\client\feature\module\Module.h">
      <Filter>Header Files</Filter>
    </ClInclude>
    <ClInclude Include="src\client\feature\command\impl\ToggleCommand.h">
      <Filter>Header Files</Filter>
    </ClInclude>
    <ClInclude Include="src\client\config\ConfigManager.h">
      <Filter>Header Files</Filter>
    </ClInclude>
    <ClInclude Include="src\api\eventing\Listenable.h">
      <Filter>Header Files</Filter>
    </ClInclude>
    <ClInclude Include="src\client\event\impl\RenderGameEvent.h">
      <Filter>Header Files</Filter>
    </ClInclude>
    <ClInclude Include="src\sdk\signature\storage.h">
      <Filter>Header Files</Filter>
    </ClInclude>
    <ClInclude Include="src\client\hook\impl\LevelRendererHooks.h">
      <Filter>Header Files</Filter>
    </ClInclude>
    <ClInclude Include="src\client\event\impl\RenderLevelEvent.h">
      <Filter>Header Files</Filter>
    </ClInclude>
    <ClInclude Include="src\client\feature\module\impl\game\Zoom.h">
      <Filter>Header Files</Filter>
    </ClInclude>
    <ClInclude Include="src\client\event\impl\KeyUpdateEvent.h">
      <Filter>Header Files</Filter>
    </ClInclude>
    <ClInclude Include="src\client\event\impl\ChatEvent.h">
      <Filter>Header Files</Filter>
    </ClInclude>
    <ClInclude Include="src\client\event\impl\GammaEvent.h">
      <Filter>Header Files</Filter>
    </ClInclude>
    <ClInclude Include="src\client\hook\impl\OptionHooks.h">
      <Filter>Header Files</Filter>
    </ClInclude>
    <ClInclude Include="src\client\feature\module\impl\visual\Fullbright.h">
      <Filter>Header Files</Filter>
    </ClInclude>
    <ClInclude Include="src\client\hook\impl\DXHooks.h">
      <Filter>Header Files</Filter>
    </ClInclude>
    <ClInclude Include="src\util\DxUtil.h">
      <Filter>Header Files</Filter>
    </ClInclude>
    <ClInclude Include="src\sdk\signature\storage_latest.h">
      <Filter>Header Files</Filter>
    </ClInclude>
    <ClInclude Include="src\client\misc\AuthWindow.h">
      <Filter>Header Files</Filter>
    </ClInclude>
    <ClInclude Include="src\client\render\Renderer.h">
      <Filter>Header Files</Filter>
    </ClInclude>
    <ClInclude Include="src\client\event\impl\RenderOverlayEvent.h">
      <Filter>Header Files</Filter>
    </ClInclude>
    <ClInclude Include="src\client\event\impl\RendererCleanupEvent.h">
      <Filter>Header Files</Filter>
    </ClInclude>
    <ClInclude Include="src\client\feature\module\impl\visual\MotionBlur.h">
      <Filter>Header Files</Filter>
    </ClInclude>
    <ClInclude Include="src\client\screen\Screen.h">
      <Filter>Header Files</Filter>
    </ClInclude>
    <ClInclude Include="src\client\screen\impl\ClickGUI.h">
      <Filter>Header Files</Filter>
    </ClInclude>
    <ClInclude Include="src\client\screen\ScreenManager.h">
      <Filter>Header Files</Filter>
    </ClInclude>
    <ClInclude Include="src\util\DxContext.h">
      <Filter>Header Files</Filter>
    </ClInclude>
    <ClInclude Include="src\sdk\Version.h">
      <Filter>Header Files</Filter>
    </ClInclude>
    <ClInclude Include="src\client\render\asset\Asset.h">
      <Filter>Header Files</Filter>
    </ClInclude>
    <ClInclude Include="src\client\render\Assets.h">
      <Filter>Header Files</Filter>
    </ClInclude>
    <ClInclude Include="src\client\event\impl\RendererInitEvent.h">
      <Filter>Header Files</Filter>
    </ClInclude>
    <ClInclude Include="src\sdk\misc\ClickMap.h">
      <Filter>Header Files</Filter>
    </ClInclude>
    <ClInclude Include="src\client\event\impl\ClickEvent.h">
      <Filter>Header Files</Filter>
    </ClInclude>
    <ClInclude Include="src\client\hook\impl\AppPlatformHooks.h">
      <Filter>Header Files</Filter>
    </ClInclude>
    <ClInclude Include="src\sdk\deps\Application\AppPlatform.h">
      <Filter>Header Files</Filter>
    </ClInclude>
    <ClInclude Include="src\client\event\impl\FocusLostEvent.h">
      <Filter>Header Files</Filter>
    </ClInclude>
    <ClInclude Include="src\sdk\common\entity\EntityContext.h">
      <Filter>Header Files</Filter>
    </ClInclude>
    <ClInclude Include="src\client\script\lib\JsLibrary.h">
      <Filter>Header Files</Filter>
    </ClInclude>
    <ClInclude Include="src\client\script\lib\libraries\Filesystem.h">
      <Filter>Header Files</Filter>
    </ClInclude>
    <ClInclude Include="src\client\script\lib\libraries\Network.h">
      <Filter>Header Files</Filter>
    </ClInclude>
    <ClInclude Include="src\client\script\ScriptingObject.h">
      <Filter>Header Files</Filter>
    </ClInclude>
    <ClInclude Include="src\client\feature\command\impl\ScriptCommand.h">
      <Filter>Header Files</Filter>
    </ClInclude>
    <ClInclude Include="src\client\script\objects\ClientScriptingObject.h">
      <Filter>Header Files</Filter>
    </ClInclude>
    <ClInclude Include="src\client\script\event\ScriptListener.h">
      <Filter>Header Files</Filter>
    </ClInclude>
    <ClInclude Include="src\client\hook\impl\MinecraftGameHooks.h">
      <Filter>Header Files</Filter>
    </ClInclude>
    <ClInclude Include="src\client\event\impl\AppSuspendedEvent.h">
      <Filter>Header Files</Filter>
    </ClInclude>
    <ClInclude Include="src\client\screen\impl\HUDEditor.h">
      <Filter>Header Files</Filter>
    </ClInclude>
    <ClInclude Include="src\client\feature\module\impl\visual\HurtColor.h">
      <Filter>Header Files</Filter>
    </ClInclude>
    <ClInclude Include="src\client\hook\impl\RenderControllerHooks.h">
      <Filter>Header Files</Filter>
    </ClInclude>
    <ClInclude Include="src\client\event\impl\OverlayColorEvent.h">
      <Filter>Header Files</Filter>
    </ClInclude>
    <ClInclude Include="src\client\script\class\JsClass.h">
      <Filter>Header Files</Filter>
    </ClInclude>
    <ClInclude Include="src\client\script\class\impl\JsVec3.h">
      <Filter>Header Files</Filter>
    </ClInclude>
    <ClInclude Include="src\client\script\class\impl\JsVec2.h">
      <Filter>Header Files</Filter>
    </ClInclude>
    <ClInclude Include="src\client\feature\module\script\JsModule.h">
      <Filter>Header Files</Filter>
    </ClInclude>
    <ClInclude Include="src\client\script\class\impl\JsModuleClass.h">
      <Filter>Header Files</Filter>
    </ClInclude>
    <ClInclude Include="src\client\script\objects\GameScriptingObject.h">
      <Filter>Header Files</Filter>
    </ClInclude>
    <ClInclude Include="src\client\script\objects\D2DScriptingObject.h">
      <Filter>Header Files</Filter>
    </ClInclude>
    <ClInclude Include="resource.h">
      <Filter>Header Files</Filter>
    </ClInclude>
    <ClInclude Include="src\client\feature\module\HUDModule.h">
      <Filter>Header Files</Filter>
    </ClInclude>
    <ClInclude Include="src\sdk\common\client\gui\controls\UIControl.h">
      <Filter>Header Files</Filter>
    </ClInclude>
    <ClInclude Include="src\sdk\common\client\gui\controls\VisualTree.h">
      <Filter>Header Files</Filter>
    </ClInclude>
    <ClInclude Include="src\sdk\common\client\renderer\HudPlayerRenderer.h">
      <Filter>Header Files</Filter>
    </ClInclude>
    <ClInclude Include="src\client\hook\impl\ScreenViewHooks.h">
      <Filter>Header Files</Filter>
    </ClInclude>
    <ClInclude Include="src\sdk\common\client\gui\ScreenView.h">
      <Filter>Header Files</Filter>
    </ClInclude>
    <ClInclude Include="src\client\event\impl\RenderLayerEvent.h">
      <Filter>Header Files</Filter>
    </ClInclude>
    <ClInclude Include="src\sdk\common\client\gui\GuiData.h">
      <Filter>Header Files</Filter>
    </ClInclude>
    <ClInclude Include="src\client\feature\module\impl\misc\Screenshot.h">
      <Filter>Header Files</Filter>
    </ClInclude>
    <ClInclude Include="src\client\feature\module\impl\hud\Minimap.h">
      <Filter>Header Files</Filter>
    </ClInclude>
    <ClInclude Include="src\client\feature\module\impl\misc\InputLagTest.h">
      <Filter>Header Files</Filter>
    </ClInclude>
    <ClInclude Include="src\client\input\Keyboard.h">
      <Filter>Header Files</Filter>
    </ClInclude>
    <ClInclude Include="src\client\event\impl\CharEvent.h">
      <Filter>Header Files</Filter>
    </ClInclude>
    <ClInclude Include="src\client\ui\TextBox.h">
      <Filter>Header Files</Filter>
    </ClInclude>
    <ClInclude Include="src\client\event\impl\UpdateEvent.h">
      <Filter>Header Files</Filter>
    </ClInclude>
    <ClInclude Include="src\client\script\class\impl\JsRect.h">
      <Filter>Header Files</Filter>
    </ClInclude>
    <ClInclude Include="src\client\script\class\impl\JsColor.h">
      <Filter>Header Files</Filter>
    </ClInclude>
    <ClInclude Include="src\client\feature\module\TextModule.h">
      <Filter>Header Files</Filter>
    </ClInclude>
    <ClInclude Include="src\client\feature\module\impl\hud\FPSCounter.h">
      <Filter>Header Files</Filter>
    </ClInclude>
    <ClInclude Include="src\client\misc\Timings.h">
      <Filter>Header Files</Filter>
    </ClInclude>
    <ClInclude Include="src\client\script\class\impl\JsSettingClass.h">
      <Filter>Header Files</Filter>
    </ClInclude>
    <ClInclude Include="src\client\feature\setting\script\JsSetting.h">
      <Filter>Header Files</Filter>
    </ClInclude>
    <ClInclude Include="src\client\feature\module\impl\hud\CPSCounter.h">
      <Filter>Header Files</Filter>
    </ClInclude>
    <ClInclude Include="src\client\feature\command\impl\ConfigCommand.h">
      <Filter>Header Files</Filter>
    </ClInclude>
    <ClInclude Include="src\client\feature\command\impl\SetPrefixCommand.h">
      <Filter>Header Files</Filter>
    </ClInclude>
    <ClInclude Include="src\client\script\feature\JsEvented.h">
      <Filter>Header Files</Filter>
    </ClInclude>
    <ClInclude Include="src\client\feature\command\script\JsCommand.h">
      <Filter>Header Files</Filter>
    </ClInclude>
    <ClInclude Include="src\client\script\class\impl\JsCommandClass.h">
      <Filter>Header Files</Filter>
    </ClInclude>
    <ClInclude Include="src\api\manager\StaticManager.h">
      <Filter>Header Files</Filter>
    </ClInclude>
    <ClInclude Include="deps\include\xorstr.hpp">
      <Filter>Header Files</Filter>
    </ClInclude>
    <ClInclude Include="src\sdk\common\entity\component\MoveInputComponent.h">
      <Filter>Header Files</Filter>
    </ClInclude>
    <ClInclude Include="src\util\Meta.h">
      <Filter>Header Files</Filter>
    </ClInclude>
    <ClInclude Include="src\sdk\common\network\RakPeer.h">
      <Filter>Header Files</Filter>
    </ClInclude>
    <ClInclude Include="src\client\feature\module\impl\hud\ServerDisplay.h">
      <Filter>Header Files</Filter>
    </ClInclude>
    <ClInclude Include="src\client\feature\module\impl\hud\PingDisplay.h">
      <Filter>Header Files</Filter>
    </ClInclude>
    <ClInclude Include="src\client\script\class\impl\game\JsItemStack.h">
      <Filter>Header Files</Filter>
    </ClInclude>
    <ClInclude Include="src\sdk\common\world\ItemStack.h">
      <Filter>Header Files</Filter>
    </ClInclude>
    <ClInclude Include="src\sdk\common\world\ItemStackBase.h">
      <Filter>Header Files</Filter>
    </ClInclude>
    <ClInclude Include="src\sdk\common\world\Item.h">
      <Filter>Header Files</Filter>
    </ClInclude>
    <ClInclude Include="src\client\event\impl\AveragePingEvent.h">
      <Filter>Header Files</Filter>
    </ClInclude>
    <ClInclude Include="src\client\feature\module\impl\hud\SpeedDisplay.h">
      <Filter>Header Files</Filter>
    </ClInclude>
    <ClInclude Include="src\client\event\impl\CinematicCameraEvent.h">
      <Filter>Header Files</Filter>
    </ClInclude>
    <ClInclude Include="src\client\feature\module\impl\game\ToggleSprintSneak.h">
      <Filter>Header Files</Filter>
    </ClInclude>
    <ClInclude Include="src\client\event\impl\BeforeMoveEvent.h">
      <Filter>Header Files</Filter>
    </ClInclude>
    <ClInclude Include="src\client\event\impl\AfterMoveEvent.h">
      <Filter>Header Files</Filter>
    </ClInclude>
    <ClInclude Include="src\sdk\common\client\renderer\MaterialPtr.h">
      <Filter>Header Files</Filter>
    </ClInclude>
    <ClInclude Include="src\sdk\common\client\renderer\MeshUtils.h">
      <Filter>Header Files</Filter>
    </ClInclude>
    <ClInclude Include="src\sdk\common\client\renderer\Tessellator.h">
      <Filter>Header Files</Filter>
    </ClInclude>
    <ClInclude Include="src\sdk\common\client\renderer\TexturePtr.h">
      <Filter>Header Files</Filter>
    </ClInclude>
    <ClInclude Include="src\sdk\common\client\renderer\game\LevelRenderer.h">
      <Filter>Header Files</Filter>
    </ClInclude>
    <ClInclude Include="src\sdk\common\client\renderer\game\LevelRendererPlayer.h">
      <Filter>Header Files</Filter>
    </ClInclude>
    <ClInclude Include="src\client\feature\module\impl\hud\BowIndicator.h">
      <Filter>Header Files</Filter>
    </ClInclude>
    <ClInclude Include="src\sdk\common\world\actor\player\PlayerInventory.h">
      <Filter>Header Files</Filter>
    </ClInclude>
    <ClInclude Include="src\sdk\common\world\actor\player\Inventory.h">
      <Filter>Header Files</Filter>
    </ClInclude>
    <ClInclude Include="src\sdk\deps\Core\StringUtils.h">
      <Filter>Header Files</Filter>
    </ClInclude>
    <ClInclude Include="src\client\feature\module\impl\hud\Clock.h">
      <Filter>Header Files</Filter>
    </ClInclude>
    <ClInclude Include="src\sdk\common\world\level\BlockSource.h">
      <Filter>Header Files</Filter>
    </ClInclude>
    <ClInclude Include="src\sdk\common\world\level\block\Block.h">
      <Filter>Header Files</Filter>
    </ClInclude>
    <ClInclude Include="src\sdk\common\world\level\block\BlockLegacy.h">
      <Filter>Header Files</Filter>
    </ClInclude>
    <ClInclude Include="src\client\feature\module\impl\game\DynamicLight.h">
      <Filter>Header Files</Filter>
    </ClInclude>
    <ClInclude Include="src\sdk\common\client\input\ClientInputHandler.h">
      <Filter>Header Files</Filter>
    </ClInclude>
    <ClInclude Include="src\sdk\common\client\input\RemappingLayout.h">
      <Filter>Header Files</Filter>
    </ClInclude>
    <ClInclude Include="src\util\XorString.h">
      <Filter>Header Files</Filter>
    </ClInclude>
    <ClInclude Include="src\client\script\ScriptCertificate.h">
      <Filter>Header Files</Filter>
    </ClInclude>
    <ClInclude Include="src\sdk\common\network\Packet.h">
      <Filter>Header Files</Filter>
    </ClInclude>
    <ClInclude Include="src\sdk\common\network\packet\TextPacket.h">
      <Filter>Header Files</Filter>
    </ClInclude>
    <ClInclude Include="src\sdk\String.h">
      <Filter>Header Files</Filter>
    </ClInclude>
    <ClInclude Include="src\sdk\common\network\PacketSender.h">
      <Filter>Header Files</Filter>
    </ClInclude>
    <ClInclude Include="src\client\script\class\impl\game\JsEntityClass.h">
      <Filter>Header Files</Filter>
    </ClInclude>
    <ClInclude Include="src\client\script\interop\classes\JsEntity.h">
      <Filter>Header Files</Filter>
    </ClInclude>
    <ClInclude Include="src\sdk\common\world\level\HitResult.h">
      <Filter>Header Files</Filter>
    </ClInclude>
    <ClInclude Include="src\sdk\common\world\actor\player\GameMode.h">
      <Filter>Header Files</Filter>
    </ClInclude>
    <ClInclude Include="src\client\feature\module\impl\misc\DebugInfo.h">
      <Filter>Header Files</Filter>
    </ClInclude>
    <ClInclude Include="src\client\event\impl\DrawHUDModulesEvent.h">
      <Filter>Header Files</Filter>
    </ClInclude>
    <ClInclude Include="src\client\feature\module\impl\hud\GuiscaleChanger.h">
      <Filter>Header Files</Filter>
    </ClInclude>
    <ClInclude Include="src\client\event\Events.h">
      <Filter>Header Files</Filter>
    </ClInclude>
    <ClInclude Include="src\sdk\common\network\packet\CommandRequestPacket.h">
      <Filter>Header Files</Filter>
    </ClInclude>
    <ClInclude Include="src\client\script\class\impl\game\JsPlayerClass.h">
      <Filter>Header Files</Filter>
    </ClInclude>
    <ClInclude Include="src\client\feature\module\impl\hud\TabList.h">
      <Filter>Header Files</Filter>
    </ClInclude>
    <ClInclude Include="src\client\feature\module\impl\hud\Keystrokes.h">
      <Filter>Header Files</Filter>
    </ClInclude>
    <ClInclude Include="src\client\feature\module\impl\game\CinematicCamera.h">
      <Filter>Header Files</Filter>
    </ClInclude>
    <ClInclude Include="src\client\event\impl\BobMovementEvent.h">
      <Filter>Header Files</Filter>
    </ClInclude>
    <ClInclude Include="src\client\script\class\impl\game\JsLocalPlayerClass.h">
      <Filter>Header Files</Filter>
    </ClInclude>
    <ClInclude Include="src\client\script\class\impl\game\JsItem.h">
      <Filter>Header Files</Filter>
    </ClInclude>
    <ClInclude Include="src\client\script\class\impl\game\JsInventory.h">
      <Filter>Header Files</Filter>
    </ClInclude>
    <ClInclude Include="src\client\script\class\JsWrapperClass.h">
      <Filter>Header Files</Filter>
    </ClInclude>
    <ClInclude Include="src\client\feature\command\impl\SignCommand.h">
      <Filter>Header Files</Filter>
    </ClInclude>
    <ClInclude Include="src\sdk\common\network\packet\SetTitlePacket.h">
      <Filter>Header Files</Filter>
    </ClInclude>
    <ClInclude Include="src\client\hook\impl\PacketHooks.h">
      <Filter>Header Files</Filter>
    </ClInclude>
    <ClInclude Include="deps\include\vhook\vtable_hook.h">
      <Filter>Header Files</Filter>
    </ClInclude>
    <ClInclude Include="src\sdk\common\world\Attribute.h">
      <Filter>Header Files</Filter>
    </ClInclude>
    <ClInclude Include="src\sdk\common\client\renderer\screen\MinecraftUIRenderContext.h">
      <Filter>Header Files</Filter>
    </ClInclude>
    <ClInclude Include="src\sdk\common\client\renderer\screen\ScreenContext.h">
      <Filter>Header Files</Filter>
    </ClInclude>
    <ClInclude Include="src\sdk\common\client\gui\Font.h">
      <Filter>Header Files</Filter>
    </ClInclude>
    <ClInclude Include="src\sdk\common\client\renderer\MatrixStack.h">
      <Filter>Header Files</Filter>
    </ClInclude>
    <ClInclude Include="src\sdk\common\client\game\FontRepository.h">
      <Filter>Header Files</Filter>
    </ClInclude>
    <ClInclude Include="src\client\event\impl\LeaveGameEvent.h">
      <Filter>Header Files</Filter>
    </ClInclude>
    <ClInclude Include="src\client\feature\module\impl\hud\BreakIndicator.h">
      <Filter>Header Files</Filter>
    </ClInclude>
    <ClInclude Include="src\client\feature\module\impl\hud\HealthWarning.h">
      <Filter>Header Files</Filter>
    </ClInclude>
    <ClInclude Include="src\client\script\lib\libraries\Clipboard.h">
      <Filter>Header Files</Filter>
    </ClInclude>
    <ClInclude Include="src\client\script\class\impl\JsHudModuleClass.h">
      <Filter>Header Files</Filter>
    </ClInclude>
    <ClInclude Include="src\client\feature\module\script\JsHudModule.h">
      <Filter>Header Files</Filter>
    </ClInclude>
    <ClInclude Include="src\client\event\impl\PerspectiveEvent.h">
      <Filter>Header Files</Filter>
    </ClInclude>
    <ClInclude Include="src\client\event\impl\HideHandEvent.h">
      <Filter>Header Files</Filter>
    </ClInclude>
    <ClInclude Include="src\client\feature\module\impl\game\BehindYou.h">
      <Filter>Header Files</Filter>
    </ClInclude>
    <ClInclude Include="src\client\event\impl\SensitivityEvent.h">
      <Filter>Header Files</Filter>
    </ClInclude>
    <ClInclude Include="src\sdk\common\util\MolangVariableMap.h">
      <Filter>Header Files</Filter>
    </ClInclude>
    <ClInclude Include="src\sdk\common\util\MolangVariable.h">
      <Filter>Header Files</Filter>
    </ClInclude>
    <ClInclude Include="src\sdk\common\client\renderer\game\BaseActorRenderContext.h">
      <Filter>Header Files</Filter>
    </ClInclude>
    <ClInclude Include="src\sdk\common\client\renderer\ItemRenderer.h">
      <Filter>Header Files</Filter>
    </ClInclude>
    <ClInclude Include="src\client\feature\module\impl\visual\Hitboxes.h">
      <Filter>Header Files</Filter>
    </ClInclude>
    <ClInclude Include="src\client\feature\module\impl\visual\ChunkBorders.h">
      <Filter>Header Files</Filter>
    </ClInclude>
    <ClInclude Include="src\util\DrawUtil3D.h">
      <Filter>Header Files</Filter>
    </ClInclude>
    <ClInclude Include="src\client\script\class\impl\JsTextureClass.h">
      <Filter>Header Files</Filter>
    </ClInclude>
    <ClInclude Include="src\client\script\interop\classes\JsTexture.h">
      <Filter>Header Files</Filter>
    </ClInclude>
    <ClInclude Include="src\client\feature\module\impl\hud\ArmorHUD.h">
      <Filter>Header Files</Filter>
    </ClInclude>
    <ClInclude Include="src\sdk\deps\CoreGraphics\ImageBuffer.h">
      <Filter>Header Files</Filter>
    </ClInclude>
    <ClInclude Include="src\sdk\common\client\util\JpegCommentWriter.h">
      <Filter>Header Files</Filter>
    </ClInclude>
    <ClInclude Include="src\client\script\JsScript.h">
      <Filter>Header Files</Filter>
    </ClInclude>
    <ClInclude Include="src\client\feature\module\impl\hud\MovablePaperdoll.h">
      <Filter>Header Files</Filter>
    </ClInclude>
    <ClInclude Include="src\client\script\class\impl\JsTextModuleClass.h">
      <Filter>Header Files</Filter>
    </ClInclude>
    <ClInclude Include="src\client\event\impl\AfterEntityRenderEvent.h">
      <Filter>Header Files</Filter>
    </ClInclude>
    <ClInclude Include="src\client\feature\module\script\JsTextModule.h">
      <Filter>Header Files</Filter>
    </ClInclude>
    <ClInclude Include="src\client\feature\module\impl\visual\BlockOutline.h">
      <Filter>Header Files</Filter>
    </ClInclude>
    <ClInclude Include="src\client\event\impl\OutlineSelectionEvent.h">
      <Filter>Header Files</Filter>
    </ClInclude>
    <ClInclude Include="src\client\feature\module\impl\hud\MovableScoreboard.h">
      <Filter>Header Files</Filter>
    </ClInclude>
    <ClInclude Include="src\client\feature\module\impl\misc\Nickname.h">
      <Filter>Header Files</Filter>
    </ClInclude>
    <ClInclude Include="src\client\event\impl\ClientTextEvent.h">
      <Filter>Header Files</Filter>
    </ClInclude>
    <ClInclude Include="src\client\feature\module\impl\misc\ItemTweaks.h">
      <Filter>Header Files</Filter>
    </ClInclude>
    <ClInclude Include="src\client\event\impl\RenderGuiItemEvent.h">
      <Filter>Header Files</Filter>
    </ClInclude>
    <ClInclude Include="src\client\feature\module\impl\hud\ReachDisplay.h">
      <Filter>Header Files</Filter>
    </ClInclude>
    <ClInclude Include="src\client\event\impl\AttackEvent.h">
      <Filter>Header Files</Filter>
    </ClInclude>
    <ClInclude Include="src\client\hook\impl\PlayerHooks.h">
      <Filter>Header Files</Filter>
    </ClInclude>
    <ClInclude Include="src\client\feature\module\impl\hud\MovableBossbar.h">
      <Filter>Header Files</Filter>
    </ClInclude>
    <ClInclude Include="src\client\script\objects\DimensionObject.h">
      <Filter>Header Files</Filter>
    </ClInclude>
    <ClInclude Include="src\client\script\class\impl\JsNativeModule.h">
      <Filter>Header Files</Filter>
    </ClInclude>
    <ClInclude Include="src\sdk\common\entity\component\AttributesComponent.h">
      <Filter>Header Files</Filter>
    </ClInclude>
    <ClInclude Include="src\client\feature\module\impl\game\ThirdPersonNametag.h">
      <Filter>Header Files</Filter>
    </ClInclude>
    <ClInclude Include="src\client\feature\module\impl\game\EnvironmentChanger.h">
      <Filter>Header Files</Filter>
    </ClInclude>
    <ClInclude Include="src\client\event\impl\FogColorEvent.h">
      <Filter>Header Files</Filter>
    </ClInclude>
    <ClInclude Include="src\client\event\impl\WeatherEvent.h">
      <Filter>Header Files</Filter>
    </ClInclude>
    <ClInclude Include="src\client\event\impl\GetTimeEvent.h">
      <Filter>Header Files</Filter>
    </ClInclude>
    <ClInclude Include="src\sdk\common\world\Weather.h">
      <Filter>Header Files</Filter>
    </ClInclude>
    <ClInclude Include="src\client\event\impl\SendPacketEvent.h">
      <Filter>Header Files</Filter>
    </ClInclude>
    <ClInclude Include="src\client\feature\module\impl\misc\CommandShortcuts.h">
      <Filter>Header Files</Filter>
    </ClInclude>
    <ClInclude Include="src\client\feature\module\impl\misc\JavaDrop.h">
      <Filter>Header Files</Filter>
    </ClInclude>
    <ClInclude Include="src\client\feature\module\impl\game\Waypoints.h">
      <Filter>Header Files</Filter>
    </ClInclude>
    <ClInclude Include="src\client\feature\command\impl\WaypointCommand.h">
      <Filter>Header Files</Filter>
    </ClInclude>
    <ClInclude Include="src\client\feature\module\impl\hud\ItemCounter.h">
      <Filter>Header Files</Filter>
    </ClInclude>
    <ClInclude Include="src\client\script\class\impl\game\JsBlock.h">
      <Filter>Header Files</Filter>
    </ClInclude>
    <ClInclude Include="deps\mnem\cpuid.hpp">
      <Filter>Header Files</Filter>
    </ClInclude>
    <ClInclude Include="deps\mnem\scan\scanner_impls.hpp">
      <Filter>Header Files</Filter>
    </ClInclude>
    <ClInclude Include="deps\include\mnemosyne\defines.hpp">
      <Filter>Header Files</Filter>
    </ClInclude>
    <ClInclude Include="deps\include\mnemosyne\core\memory_range.hpp">
      <Filter>Header Files</Filter>
    </ClInclude>
    <ClInclude Include="deps\include\mnemosyne\core\vfunc_index.hpp">
      <Filter>Header Files</Filter>
    </ClInclude>
    <ClInclude Include="deps\include\mnemosyne\scan\scanner.hpp">
      <Filter>Header Files</Filter>
    </ClInclude>
    <ClInclude Include="deps\include\mnemosyne\scan\signature.hpp">
      <Filter>Header Files</Filter>
    </ClInclude>
    <ClInclude Include="deps\include\mnemosyne\mem\process.hpp">
      <Filter>Header Files</Filter>
    </ClInclude>
    <ClInclude Include="deps\include\mnemosyne\internal\string_literal.hpp">
      <Filter>Header Files</Filter>
    </ClInclude>
    <ClInclude Include="deps\include\mnemosyne\internal\abi\microsoft\vfunc_index_impl.hpp">
      <Filter>Header Files</Filter>
    </ClInclude>
    <ClInclude Include="src\client\feature\module\impl\hud\Chat.h">
      <Filter>Header Files</Filter>
    </ClInclude>
    <ClInclude Include="src\client\feature\module\impl\game\TextHotkey.h">
      <Filter>Header Files</Filter>
    </ClInclude>
    <ClInclude Include="src\sdk\common\network\MinecraftPackets.h">
      <Filter>Header Files</Filter>
    </ClInclude>
    <ClInclude Include="src\client\event\impl\PacketReceiveEvent.h">
      <Filter>Header Files</Filter>
    </ClInclude>
    <ClInclude Include="src\client\event\impl\LatiteClientMessageEvent.h">
      <Filter>Header Files</Filter>
    </ClInclude>
    <ClInclude Include="src\client\event\impl\ChatMessageEvent.h">
      <Filter>Header Files</Filter>
    </ClInclude>
  </ItemGroup>
  <ItemGroup>
    <Text Include="src\util\CMakeLists.txt" />
    <Text Include="CMakeLists.txt" />
    <Text Include="src\client\CMakeLists.txt" />
    <Text Include="src\CMakeLists.txt" />
    <Text Include="src\api\feature\CMakeLists.txt" />
    <Text Include="src\api\manager\CMakeLists.txt" />
    <Text Include="src\api\memory\CMakeLists.txt" />
    <Text Include="src\api\scanner\CMakeLists.txt" />
    <Text Include="src\api\CMakeLists.txt" />
    <Text Include="src\client\feature\command\CMakeLists.txt" />
    <Text Include="src\client\feature\command\impl\CMakeLists.txt" />
    <Text Include="src\client\hook\CMakeLists.txt" />
    <Text Include="src\client\misc\CMakeLists.txt" />
    <Text Include="src\client\feature\module\CMakeLists.txt" />
    <Text Include="src\client\script\CMakeLists.txt" />
    <Text Include="src\client\script\objects\CMakeLists.txt" />
  </ItemGroup>
  <ItemGroup>
    <ClCompile Include="src\util\Logger.cpp">
      <Filter>Source Files</Filter>
    </ClCompile>
    <ClCompile Include="src\util\Util.cpp">
      <Filter>Source Files</Filter>
    </ClCompile>
    <ClCompile Include="src\client\Latite.cpp">
      <Filter>Source Files</Filter>
    </ClCompile>
    <ClCompile Include="src\api\memory\memory.cpp">
      <Filter>Source Files</Filter>
    </ClCompile>
    <ClCompile Include="src\api\scanner\legacyScanner.cpp">
      <Filter>Source Files</Filter>
    </ClCompile>
    <ClCompile Include="src\client\feature\command\Command.cpp">
      <Filter>Source Files</Filter>
    </ClCompile>
    <ClCompile Include="src\client\feature\command\CommandManager.cpp">
      <Filter>Source Files</Filter>
    </ClCompile>
    <ClCompile Include="src\client\hook\Hook.cpp">
      <Filter>Source Files</Filter>
    </ClCompile>
    <ClCompile Include="src\client\misc\ClientMessageSink.cpp">
      <Filter>Source Files</Filter>
    </ClCompile>
    <ClCompile Include="src\sdk\common\client\game\ClientInstance.cpp">
      <Filter>Source Files</Filter>
    </ClCompile>
    <ClCompile Include="src\sdk\common\world\actor\player\Player.cpp">
      <Filter>Source Files</Filter>
    </ClCompile>
    <ClCompile Include="src\api\memory\signature\signature.cpp">
      <Filter>Source Files</Filter>
    </ClCompile>
    <ClCompile Include="src\client\hook\impl\GeneralHooks.cpp">
      <Filter>Source Files</Filter>
    </ClCompile>
    <ClCompile Include="src\client\feature\module\ModuleManager.cpp">
      <Filter>Source Files</Filter>
    </ClCompile>
    <ClCompile Include="src\sdk\common\world\Minecraft.cpp">
      <Filter>Source Files</Filter>
    </ClCompile>
    <ClCompile Include="src\api\config\Config.cpp">
      <Filter>Source Files</Filter>
    </ClCompile>
    <ClCompile Include="src\client\feature\command\impl\TestCommand.cpp">
      <Filter>Source Files</Filter>
    </ClCompile>
    <ClCompile Include="src\client\hook\Hooks.cpp">
      <Filter>Source Files</Filter>
    </ClCompile>
    <ClCompile Include="src\client\feature\command\impl\HelpCommand.cpp">
      <Filter>Source Files</Filter>
    </ClCompile>
    <ClCompile Include="src\client\feature\command\impl\EjectCommand.cpp">
      <Filter>Source Files</Filter>
    </ClCompile>
    <ClCompile Include="src\client\event\Eventing.cpp">
      <Filter>Source Files</Filter>
    </ClCompile>
    <ClCompile Include="src\client\feature\module\impl\misc\TestModule.cpp">
      <Filter>Source Files</Filter>
    </ClCompile>
    <ClCompile Include="src\client\feature\command\impl\ToggleCommand.cpp">
      <Filter>Source Files</Filter>
    </ClCompile>
    <ClCompile Include="src\client\config\ConfigManager.cpp">
      <Filter>Source Files</Filter>
    </ClCompile>
    <ClCompile Include="src\client\feature\module\Module.cpp">
      <Filter>Source Files</Filter>
    </ClCompile>
    <ClCompile Include="src\client\hook\impl\LevelRendererHooks.cpp">
      <Filter>Source Files</Filter>
    </ClCompile>
    <ClCompile Include="src\client\feature\module\impl\game\Zoom.cpp">
      <Filter>Source Files</Filter>
    </ClCompile>
    <ClCompile Include="src\sdk\common\client\game\MinecraftGame.cpp">
      <Filter>Source Files</Filter>
    </ClCompile>
    <ClCompile Include="src\client\hook\impl\OptionHooks.cpp">
      <Filter>Source Files</Filter>
    </ClCompile>
    <ClCompile Include="src\client\feature\module\impl\visual\Fullbright.cpp">
      <Filter>Source Files</Filter>
    </ClCompile>
    <ClCompile Include="src\client\hook\impl\DXHooks.cpp">
      <Filter>Source Files</Filter>
    </ClCompile>
    <ClCompile Include="src\util\DxUtil.cpp">
      <Filter>Source Files</Filter>
    </ClCompile>
    <ClCompile Include="src\client\misc\AuthWindow.cpp">
      <Filter>Source Files</Filter>
    </ClCompile>
    <ClCompile Include="src\client\render\Renderer.cpp">
      <Filter>Source Files</Filter>
    </ClCompile>
    <ClCompile Include="src\client\feature\module\impl\visual\MotionBlur.cpp">
      <Filter>Source Files</Filter>
    </ClCompile>
    <ClCompile Include="src\client\screen\impl\ClickGUI.cpp">
      <Filter>Source Files</Filter>
    </ClCompile>
    <ClCompile Include="src\client\screen\ScreenManager.cpp">
      <Filter>Source Files</Filter>
    </ClCompile>
    <ClCompile Include="src\util\DxContext.cpp">
      <Filter>Source Files</Filter>
    </ClCompile>
    <ClCompile Include="src\client\render\asset\Asset.cpp">
      <Filter>Source Files</Filter>
    </ClCompile>
    <ClCompile Include="src\client\render\Assets.cpp">
      <Filter>Source Files</Filter>
    </ClCompile>
    <ClCompile Include="src\client\hook\impl\AppPlatformHooks.cpp">
      <Filter>Source Files</Filter>
    </ClCompile>
    <ClCompile Include="src\client\script\JsPlugin.cpp">
      <Filter>Source Files</Filter>
    </ClCompile>
    <ClCompile Include="src\util\ChakraUtil.cpp">
      <Filter>Source Files</Filter>
    </ClCompile>
    <ClCompile Include="src\client\script\lib\JsLibrary.cpp">
      <Filter>Source Files</Filter>
    </ClCompile>
    <ClCompile Include="src\client\script\lib\libraries\Filesystem.cpp">
      <Filter>Source Files</Filter>
    </ClCompile>
    <ClCompile Include="src\client\script\lib\libraries\Network.cpp">
      <Filter>Source Files</Filter>
    </ClCompile>
    <ClCompile Include="src\client\script\ScriptingObject.cpp">
      <Filter>Source Files</Filter>
    </ClCompile>
    <ClCompile Include="src\client\script\PluginManager.cpp">
      <Filter>Source Files</Filter>
    </ClCompile>
    <ClCompile Include="src\client\feature\command\impl\ScriptCommand.cpp">
      <Filter>Source Files</Filter>
    </ClCompile>
    <ClCompile Include="src\client\script\objects\ClientScriptingObject.cpp">
      <Filter>Source Files</Filter>
    </ClCompile>
    <ClCompile Include="src\client\script\event\ScriptListener.cpp">
      <Filter>Source Files</Filter>
    </ClCompile>
    <ClCompile Include="src\client\hook\impl\MinecraftGameHooks.cpp">
      <Filter>Source Files</Filter>
    </ClCompile>
    <ClCompile Include="src\sdk\common\world\level\Level.cpp">
      <Filter>Source Files</Filter>
    </ClCompile>
    <ClCompile Include="src\client\screen\Screen.cpp">
      <Filter>Source Files</Filter>
    </ClCompile>
    <ClCompile Include="src\client\screen\impl\HUDEditor.cpp">
      <Filter>Source Files</Filter>
    </ClCompile>
    <ClCompile Include="src\client\feature\module\impl\visual\HurtColor.cpp">
      <Filter>Source Files</Filter>
    </ClCompile>
    <ClCompile Include="src\client\hook\impl\RenderControllerHooks.cpp">
      <Filter>Source Files</Filter>
    </ClCompile>
    <ClCompile Include="src\client\feature\module\script\JsModule.cpp">
      <Filter>Source Files</Filter>
    </ClCompile>
    <ClCompile Include="src\client\script\class\impl\JsModuleClass.cpp">
      <Filter>Source Files</Filter>
    </ClCompile>
    <ClCompile Include="src\client\script\objects\GameScriptingObject.cpp">
      <Filter>Source Files</Filter>
    </ClCompile>
    <ClCompile Include="src\client\script\objects\D2DScriptingObject.cpp">
      <Filter>Source Files</Filter>
    </ClCompile>
    <ClCompile Include="src\client\feature\module\HUDModule.cpp">
      <Filter>Source Files</Filter>
    </ClCompile>
    <ClCompile Include="src\client\hook\impl\ScreenViewHooks.cpp">
      <Filter>Source Files</Filter>
    </ClCompile>
    <ClCompile Include="src\client\feature\module\impl\misc\Screenshot.cpp">
      <Filter>Source Files</Filter>
    </ClCompile>
    <ClCompile Include="src\client\input\Keyboard.cpp">
      <Filter>Source Files</Filter>
    </ClCompile>
    <ClCompile Include="src\client\ui\TextBox.cpp">
      <Filter>Source Files</Filter>
    </ClCompile>
    <ClCompile Include="src\client\feature\module\TextModule.cpp">
      <Filter>Source Files</Filter>
    </ClCompile>
    <ClCompile Include="src\client\feature\module\impl\hud\FPSCounter.cpp">
      <Filter>Source Files</Filter>
    </ClCompile>
    <ClCompile Include="src\client\misc\Timings.cpp">
      <Filter>Source Files</Filter>
    </ClCompile>
    <ClCompile Include="src\api\feature\setting\Setting.cpp">
      <Filter>Source Files</Filter>
    </ClCompile>
    <ClCompile Include="src\client\script\class\impl\JsSettingClass.cpp">
      <Filter>Source Files</Filter>
    </ClCompile>
    <ClCompile Include="src\client\feature\module\impl\hud\CPSCounter.cpp">
      <Filter>Source Files</Filter>
    </ClCompile>
    <ClCompile Include="src\client\feature\command\impl\SetPrefixCommand.cpp">
      <Filter>Source Files</Filter>
    </ClCompile>
    <ClCompile Include="src\client\feature\command\impl\ConfigCommand.cpp">
      <Filter>Source Files</Filter>
    </ClCompile>
    <ClCompile Include="src\client\script\feature\JsEvented.cpp">
      <Filter>Source Files</Filter>
    </ClCompile>
    <ClCompile Include="src\client\feature\command\script\JsCommand.cpp">
      <Filter>Source Files</Filter>
    </ClCompile>
    <ClCompile Include="src\client\script\class\impl\JsCommandClass.cpp">
      <Filter>Source Files</Filter>
    </ClCompile>
    <ClCompile Include="src\client\feature\module\impl\hud\ServerDisplay.cpp">
      <Filter>Source Files</Filter>
    </ClCompile>
    <ClCompile Include="src\client\feature\module\impl\hud\PingDisplay.cpp">
      <Filter>Source Files</Filter>
    </ClCompile>
    <ClCompile Include="src\client\feature\module\impl\hud\SpeedDisplay.cpp">
      <Filter>Source Files</Filter>
    </ClCompile>
    <ClCompile Include="src\sdk\deps\Application\AppPlatform.cpp">
      <Filter>Source Files</Filter>
    </ClCompile>
    <ClCompile Include="src\client\feature\module\impl\game\ToggleSprintSneak.cpp">
      <Filter>Source Files</Filter>
    </ClCompile>
    <ClCompile Include="src\sdk\common\client\renderer\MaterialPtr.cpp">
      <Filter>Source Files</Filter>
    </ClCompile>
    <ClCompile Include="src\sdk\common\client\renderer\MeshUtils.cpp">
      <Filter>Source Files</Filter>
    </ClCompile>
    <ClCompile Include="src\sdk\common\client\renderer\Tessellator.cpp">
      <Filter>Source Files</Filter>
    </ClCompile>
    <ClCompile Include="src\sdk\common\client\renderer\game\LevelRendererPlayer.cpp">
      <Filter>Source Files</Filter>
    </ClCompile>
    <ClCompile Include="src\client\feature\module\impl\hud\BowIndicator.cpp">
      <Filter>Source Files</Filter>
    </ClCompile>
    <ClCompile Include="src\client\feature\module\impl\hud\Clock.cpp">
      <Filter>Source Files</Filter>
    </ClCompile>
    <ClCompile Include="src\client\feature\module\impl\hud\GuiscaleChanger.cpp">
      <Filter>Source Files</Filter>
    </ClCompile>
    <ClCompile Include="src\client\feature\module\impl\game\DynamicLight.cpp">
      <Filter>Source Files</Filter>
    </ClCompile>
    <ClCompile Include="src\client\feature\module\impl\misc\DebugInfo.cpp">
      <Filter>Source Files</Filter>
    </ClCompile>
    <ClCompile Include="src\client\script\class\impl\game\JsEntityClass.cpp">
      <Filter>Source Files</Filter>
    </ClCompile>
    <ClCompile Include="src\client\script\interop\classes\JsEntity.cpp">
      <Filter>Source Files</Filter>
    </ClCompile>
    <ClCompile Include="src\sdk\common\client\input\RemappingLayout.cpp">
      <Filter>Source Files</Filter>
    </ClCompile>
    <ClCompile Include="src\sdk\common\network\packet\TextPacket.cpp">
      <Filter>Source Files</Filter>
    </ClCompile>
    <ClCompile Include="src\sdk\common\world\actor\Actor.cpp">
      <Filter>Source Files</Filter>
    </ClCompile>
    <ClCompile Include="src\pch.cpp">
      <Filter>Source Files</Filter>
    </ClCompile>
    <ClCompile Include="src\sdk\common\network\packet\CommandRequestPacket.cpp">
      <Filter>Source Files</Filter>
    </ClCompile>
    <ClCompile Include="src\client\script\class\impl\game\JsPlayerClass.cpp">
      <Filter>Source Files</Filter>
    </ClCompile>
    <ClCompile Include="src\client\feature\module\impl\hud\TabList.cpp">
      <Filter>Source Files</Filter>
    </ClCompile>
    <ClCompile Include="src\client\feature\module\impl\hud\Keystrokes.cpp">
      <Filter>Source Files</Filter>
    </ClCompile>
    <ClCompile Include="src\client\feature\module\impl\game\CinematicCamera.cpp">
      <Filter>Source Files</Filter>
    </ClCompile>
    <ClCompile Include="src\sdk\misc\ClickMap.cpp">
      <Filter>Source Files</Filter>
    </ClCompile>
    <ClCompile Include="src\client\script\class\impl\game\JsLocalPlayerClass.cpp">
      <Filter>Source Files</Filter>
    </ClCompile>
    <ClCompile Include="src\sdk\common\world\ItemStackBase.cpp">
      <Filter>Source Files</Filter>
    </ClCompile>
    <ClCompile Include="src\client\feature\command\impl\SignCommand.cpp">
      <Filter>Source Files</Filter>
    </ClCompile>
    <ClCompile Include="src\client\hook\impl\PacketHooks.cpp">
      <Filter>Source Files</Filter>
    </ClCompile>
    <ClCompile Include="deps\include\vhook\vtable_hook.cpp">
      <Filter>Source Files</Filter>
    </ClCompile>
    <ClCompile Include="src\client\feature\module\impl\hud\BreakIndicator.cpp">
      <Filter>Source Files</Filter>
    </ClCompile>
    <ClCompile Include="src\client\feature\module\impl\hud\HealthWarning.cpp">
      <Filter>Source Files</Filter>
    </ClCompile>
    <ClCompile Include="src\client\script\lib\libraries\Clipboard.cpp">
      <Filter>Source Files</Filter>
    </ClCompile>
    <ClCompile Include="src\client\feature\module\script\JsHudModule.cpp">
      <Filter>Source Files</Filter>
    </ClCompile>
    <ClCompile Include="src\client\script\class\impl\JsHudModuleClass.cpp">
      <Filter>Source Files</Filter>
    </ClCompile>
    <ClCompile Include="src\client\feature\module\impl\game\BehindYou.cpp">
      <Filter>Source Files</Filter>
    </ClCompile>
    <ClCompile Include="src\sdk\common\client\renderer\game\BaseActorRenderContext.cpp">
      <Filter>Source Files</Filter>
    </ClCompile>
    <ClCompile Include="src\sdk\common\client\renderer\ItemRenderer.cpp">
      <Filter>Source Files</Filter>
    </ClCompile>
    <ClCompile Include="src\client\feature\module\impl\visual\Hitboxes.cpp">
      <Filter>Source Files</Filter>
    </ClCompile>
    <ClCompile Include="src\client\feature\module\impl\visual\ChunkBorders.cpp">
      <Filter>Source Files</Filter>
    </ClCompile>
    <ClCompile Include="src\util\DrawUtil3D.cpp">
      <Filter>Source Files</Filter>
    </ClCompile>
    <ClCompile Include="src\client\script\interop\classes\JsTexture.cpp">
      <Filter>Source Files</Filter>
    </ClCompile>
    <ClCompile Include="src\client\feature\module\impl\hud\ArmorHUD.cpp">
      <Filter>Source Files</Filter>
    </ClCompile>
    <ClCompile Include="src\sdk\common\client\util\JpegCommentWriter.cpp">
      <Filter>Source Files</Filter>
    </ClCompile>
    <ClCompile Include="src\client\script\JsScript.cpp">
      <Filter>Source Files</Filter>
    </ClCompile>
    <ClCompile Include="src\sdk\common\client\gui\controls\UIControl.cpp">
      <Filter>Source Files</Filter>
    </ClCompile>
    <ClCompile Include="src\client\feature\module\impl\hud\MovablePaperdoll.cpp">
      <Filter>Source Files</Filter>
    </ClCompile>
    <ClCompile Include="src\client\feature\module\script\JsTextModule.cpp">
      <Filter>Source Files</Filter>
    </ClCompile>
    <ClCompile Include="src\client\feature\module\impl\visual\BlockOutline.cpp">
      <Filter>Source Files</Filter>
    </ClCompile>
    <ClCompile Include="src\client\feature\module\impl\hud\MovableScoreboard.cpp">
      <Filter>Source Files</Filter>
    </ClCompile>
    <ClCompile Include="src\client\feature\module\impl\misc\Nickname.cpp">
      <Filter>Source Files</Filter>
    </ClCompile>
    <ClCompile Include="src\client\feature\module\impl\misc\ItemTweaks.cpp">
      <Filter>Source Files</Filter>
    </ClCompile>
    <ClCompile Include="src\client\feature\module\impl\hud\ReachDisplay.cpp">
      <Filter>Source Files</Filter>
    </ClCompile>
    <ClCompile Include="src\client\hook\impl\PlayerHooks.cpp">
      <Filter>Source Files</Filter>
    </ClCompile>
    <ClCompile Include="src\client\feature\module\impl\hud\MovableBossbar.cpp">
      <Filter>Source Files</Filter>
    </ClCompile>
    <ClCompile Include="src\client\feature\module\impl\game\ThirdPersonNametag.cpp">
      <Filter>Source Files</Filter>
    </ClCompile>
    <ClCompile Include="src\client\feature\module\impl\game\EnvironmentChanger.cpp">
      <Filter>Source Files</Filter>
    </ClCompile>
    <ClCompile Include="src\client\feature\module\impl\misc\CommandShortcuts.cpp">
      <Filter>Source Files</Filter>
    </ClCompile>
    <ClCompile Include="src\client\feature\module\impl\misc\JavaDrop.cpp">
      <Filter>Source Files</Filter>
    </ClCompile>
    <ClCompile Include="src\client\feature\module\impl\game\Waypoints.cpp">
      <Filter>Source Files</Filter>
    </ClCompile>
    <ClCompile Include="src\client\feature\module\impl\hud\ItemCounter.cpp">
      <Filter>Source Files</Filter>
    </ClCompile>
    <ClCompile Include="src\client\script\objects\Graphics3DScriptingObject.cpp">
      <Filter>Source Files</Filter>
    </ClCompile>
    <ClCompile Include="deps\mnem\cpuid.cpp">
      <Filter>Source Files</Filter>
    </ClCompile>
    <ClCompile Include="deps\mnem\mnemosyne.cpp">
      <Filter>Source Files</Filter>
    </ClCompile>
    <ClCompile Include="deps\mnem\os\win32\process.cpp">
      <Filter>Source Files</Filter>
    </ClCompile>
    <ClCompile Include="deps\mnem\scan\scanner.cpp">
      <Filter>Source Files</Filter>
    </ClCompile>
    <ClCompile Include="deps\mnem\scan\scanner_avx2.cpp">
      <Filter>Source Files</Filter>
    </ClCompile>
    <ClCompile Include="src\client\feature\module\impl\hud\Chat.cpp">
      <Filter>Source Files</Filter>
    </ClCompile>
    <ClCompile Include="src\client\feature\module\impl\game\TextHotkey.cpp">
      <Filter>Source Files</Filter>
    </ClCompile>
  </ItemGroup>
  <ItemGroup>
    <None Include="CMakePresets.json" />
    <None Include="CppProperties.json" />
    <None Include="src\client\script\js\latiteapi.js" />
  </ItemGroup>
  <ItemGroup>
    <ResourceCompile Include="LatiteRewrite.rc">
      <Filter>Resource Files</Filter>
    </ResourceCompile>
  </ItemGroup>
  <ItemGroup>
    <Image Include="assets\arrow.png">
      <Filter>Resource Files</Filter>
    </Image>
    <Image Include="assets\arrow_back.png">
      <Filter>Resource Files</Filter>
    </Image>
    <Image Include="assets\checkmark.png">
      <Filter>Resource Files</Filter>
    </Image>
    <Image Include="assets\cog.png">
      <Filter>Resource Files</Filter>
    </Image>
    <Image Include="assets\hudedit.png">
      <Filter>Resource Files</Filter>
    </Image>
    <Image Include="assets\logo.png">
      <Filter>Resource Files</Filter>
    </Image>
    <Image Include="assets\searchicon.png">
      <Filter>Resource Files</Filter>
    </Image>
    <Image Include="assets\x.png">
      <Filter>Resource Files</Filter>
    </Image>
  </ItemGroup>
</Project>