<?xml version="1.0" encoding="utf-8"?>
<Project ToolsVersion="4.0" xmlns="http://schemas.microsoft.com/developer/msbuild/2003">
  <ItemGroup>
    <Filter Include="Source Files">
      <UniqueIdentifier>{4FC737F1-C7A5-4376-A066-2A32D752A2FF}</UniqueIdentifier>
      <Extensions>cpp;c;cc;cxx;c++;cppm;ixx;def;odl;idl;hpj;bat;asm;asmx</Extensions>
    </Filter>
    <Filter Include="Header Files">
      <UniqueIdentifier>{93995380-89BD-4b04-88EB-625FBE52EBFB}</UniqueIdentifier>
      <Extensions>h;hh;hpp;hxx;h++;hm;inl;inc;ipp;xsd</Extensions>
    </Filter>
    <Filter Include="Resource Files">
      <UniqueIdentifier>{67DA6AB6-F800-4c08-8B7A-83BB121AAD01}</UniqueIdentifier>
      <Extensions>rc;ico;cur;bmp;dlg;rc2;rct;bin;rgs;gif;jpg;jpeg;jpe;resx;tiff;tif;png;wav;mfcribbon-ms</Extensions>
    </Filter>
  </ItemGroup>
  <ItemGroup>
    <ClInclude Include="src\pch.h">
      <Filter>Header Files</Filter>
    </ClInclude>
    <ClInclude Include="src\util\ChakraUtil.h">
      <Filter>Header Files</Filter>
    </ClInclude>
    <ClInclude Include="src\util\Logger.h">
      <Filter>Header Files</Filter>
    </ClInclude>
    <ClInclude Include="src\util\Util.h">
      <Filter>Header Files</Filter>
    </ClInclude>
    <ClInclude Include="src\client\Latite.h">
      <Filter>Header Files</Filter>
    </ClInclude>
    <ClInclude Include="src\api\feature\Feature.h">
      <Filter>Header Files</Filter>
    </ClInclude>
    <ClInclude Include="deps\include\chakra\ChakraCommon.h">
      <Filter>Header Files</Filter>
    </ClInclude>
    <ClInclude Include="deps\include\chakra\ChakraCommonWindows.h">
      <Filter>Header Files</Filter>
    </ClInclude>
    <ClInclude Include="deps\include\chakra\ChakraCore.h">
      <Filter>Header Files</Filter>
    </ClInclude>
    <ClInclude Include="deps\include\chakra\ChakraCoreWindows.h">
      <Filter>Header Files</Filter>
    </ClInclude>
    <ClInclude Include="deps\include\chakra\ChakraDebug.h">
      <Filter>Header Files</Filter>
    </ClInclude>
    <ClInclude Include="deps\include\MinHook.h">
      <Filter>Header Files</Filter>
    </ClInclude>
    <ClInclude Include="src\api\manager\FeatureManager.h">
      <Filter>Header Files</Filter>
    </ClInclude>
    <ClInclude Include="src\api\manager\Manager.h">
      <Filter>Header Files</Filter>
    </ClInclude>
    <ClInclude Include="src\api\memory\memory.h">
      <Filter>Header Files</Filter>
    </ClInclude>
    <ClInclude Include="src\api\scanner\Scanner.h">
      <Filter>Header Files</Filter>
    </ClInclude>
    <ClInclude Include="src\client\command\Command.h">
      <Filter>Header Files</Filter>
    </ClInclude>
    <ClInclude Include="src\client\command\CommandManager.h">
      <Filter>Header Files</Filter>
    </ClInclude>
    <ClInclude Include="src\client\hook\impl\GeneralHooks.h">
      <Filter>Header Files</Filter>
    </ClInclude>
    <ClInclude Include="src\client\hook\Hook.h">
      <Filter>Header Files</Filter>
    </ClInclude>
    <ClInclude Include="src\client\misc\ClientMessageSink.h">
      <Filter>Header Files</Filter>
    </ClInclude>
    <ClInclude Include="src\client\module\Module.h">
      <Filter>Header Files</Filter>
    </ClInclude>
    <ClInclude Include="src\client\module\ModuleManager.h">
      <Filter>Header Files</Filter>
    </ClInclude>
    <ClInclude Include="src\client\script\JsScript.h">
      <Filter>Header Files</Filter>
    </ClInclude>
    <ClInclude Include="src\client\script\ScriptManager.h">
      <Filter>Header Files</Filter>
    </ClInclude>
    <ClInclude Include="src\sdk\common\world\Minecraft.h">
      <Filter>Header Files</Filter>
    </ClInclude>
    <ClInclude Include="src\sdk\common\world\level\Level.h">
      <Filter>Header Files</Filter>
    </ClInclude>
    <ClInclude Include="src\sdk\common\world\actor\Actor.h">
      <Filter>Header Files</Filter>
    </ClInclude>
    <ClInclude Include="src\sdk\common\world\actor\Mob.h">
      <Filter>Header Files</Filter>
    </ClInclude>
    <ClInclude Include="src\sdk\common\world\actor\player\Player.h">
      <Filter>Header Files</Filter>
    </ClInclude>
    <ClInclude Include="src\sdk\common\server\ServerInstance.h">
      <Filter>Header Files</Filter>
    </ClInclude>
    <ClInclude Include="src\sdk\common\client\game\ClientInstance.h">
      <Filter>Header Files</Filter>
    </ClInclude>
    <ClInclude Include="src\sdk\common\client\game\MinecraftGame.h">
      <Filter>Header Files</Filter>
    </ClInclude>
    <ClInclude Include="src\sdk\common\client\player\LocalPlayer.h">
      <Filter>Header Files</Filter>
    </ClInclude>
    <ClInclude Include="src\sdk\common\client\win\winrt\HidControllerWinRT.h">
      <Filter>Header Files</Filter>
    </ClInclude>
  </ItemGroup>
  <ItemGroup>
    <Text Include="src\util\CMakeLists.txt" />
    <Text Include="CMakeLists.txt" />
    <Text Include="src\client\CMakeLists.txt" />
    <Text Include="src\CMakeLists.txt" />
    <Text Include="src\api\feature\CMakeLists.txt" />
    <Text Include="src\api\manager\CMakeLists.txt" />
    <Text Include="src\api\memory\CMakeLists.txt" />
    <Text Include="src\api\scanner\CMakeLists.txt" />
    <Text Include="src\api\CMakeLists.txt" />
    <Text Include="src\client\command\CMakeLists.txt" />
    <Text Include="src\client\command\impl\CMakeLists.txt" />
    <Text Include="src\client\hook\CMakeLists.txt" />
    <Text Include="src\client\misc\CMakeLists.txt" />
    <Text Include="src\client\module\CMakeLists.txt" />
    <Text Include="src\client\script\CMakeLists.txt" />
    <Text Include="src\client\script\client\CMakeLists.txt" />
  </ItemGroup>
  <ItemGroup>
    <ClCompile Include="src\util\Logger.cpp">
      <Filter>Source Files</Filter>
    </ClCompile>
    <ClCompile Include="src\util\Util.cpp">
      <Filter>Source Files</Filter>
    </ClCompile>
    <ClCompile Include="src\client\Latite.cpp">
      <Filter>Source Files</Filter>
    </ClCompile>
    <ClCompile Include="src\api\memory\memory.cpp">
      <Filter>Source Files</Filter>
    </ClCompile>
    <ClCompile Include="src\api\scanner\Scanner.cpp">
      <Filter>Source Files</Filter>
    </ClCompile>
    <ClCompile Include="src\client\command\Command.cpp">
      <Filter>Source Files</Filter>
    </ClCompile>
    <ClCompile Include="src\client\command\CommandManager.cpp">
      <Filter>Source Files</Filter>
    </ClCompile>
    <ClCompile Include="src\client\hook\Hook.cpp">
      <Filter>Source Files</Filter>
    </ClCompile>
    <ClCompile Include="src\client\misc\ClientMessageSink.cpp">
      <Filter>Source Files</Filter>
    </ClCompile>
    <ClCompile Include="src\pch.cpp">
      <Filter>Source Files</Filter>
    </ClCompile>
  </ItemGroup>
  <ItemGroup>
    <None Include="CMakePresets.json" />
    <None Include="CppProperties.json" />
  </ItemGroup>
</Project>